<?xml version="1.0" encoding="utf-8"?>
<Project ToolsVersion="4.0" xmlns="http://schemas.microsoft.com/developer/msbuild/2003">
  <ItemGroup>
    <Filter Include="Wandering">
      <UniqueIdentifier>{64908611-D0FA-3A88-1939-EC2D85E218DD}</UniqueIdentifier>
    </Filter>
  </ItemGroup>
  <ItemGroup>
    <ClInclude Include="src\Wandering.h" />
    <ClInclude Include="src\Wandering\Application.h">
      <Filter>Wandering</Filter>
    </ClInclude>
    <ClInclude Include="src\Wandering\Core.h">
      <Filter>Wandering</Filter>
    </ClInclude>
    <ClInclude Include="src\Wandering\EntryPoint.h">
      <Filter>Wandering</Filter>
    </ClInclude>
    <ClInclude Include="src\Wandering\Log.h">
      <Filter>Wandering</Filter>
    </ClInclude>
  </ItemGroup>
  <ItemGroup>
    <ClCompile Include="src\Wandering\Application.cpp">
      <Filter>Wandering</Filter>
    </ClCompile>
    <ClCompile Include="src\Wandering\Log.cpp">
      <Filter>Wandering</Filter>
    </ClCompile>
  </ItemGroup>
</Project>